
Microsoft Visual Studio Solution File, Format Version 12.00
# Visual Studio Version 16
VisualStudioVersion = 16.0.31025.194
MinimumVisualStudioVersion = 10.0.40219.1
Project("{FAE04EC0-301F-11D3-BF4B-00C04F79EFBC}") = "frmDashboardAdmin", "frmDashboardAdmin\frmDashboardAdmin.csproj", "{5A2F36F0-82AA-420A-9AA4-EEC706E44F96}"
EndProject
Project("{FAE04EC0-301F-11D3-BF4B-00C04F79EFBC}") = "frmPreview", "frmPreview\frmPreview.csproj", "{FBC2C765-6675-4345-ADDF-83FB7C79B2E2}"
EndProject
Project("{FAE04EC0-301F-11D3-BF4B-00C04F79EFBC}") = "Negocio", "Negocio\Negocio.csproj", "{AB254446-9711-4A9F-9EE8-F13300F37FFA}"
EndProject
Project("{FAE04EC0-301F-11D3-BF4B-00C04F79EFBC}") = "AccesoDatos", "AccesoDatos\AccesoDatos.csproj", "{7C217871-242F-41C0-9A71-E1335988207D}"
EndProject
Project("{FAE04EC0-301F-11D3-BF4B-00C04F79EFBC}") = "Enti", "Enti\Enti.csproj", "{5C9E1634-F5E7-4D9D-8D57-CE2E6D07B7D5}"
EndProject
Global
	GlobalSection(SolutionConfigurationPlatforms) = preSolution
		Debug|Any CPU = Debug|Any CPU
		Release|Any CPU = Release|Any CPU
	EndGlobalSection
	GlobalSection(ProjectConfigurationPlatforms) = postSolution
		{5A2F36F0-82AA-420A-9AA4-EEC706E44F96}.Debug|Any CPU.ActiveCfg = Debug|Any CPU
		{5A2F36F0-82AA-420A-9AA4-EEC706E44F96}.Debug|Any CPU.Build.0 = Debug|Any CPU
		{5A2F36F0-82AA-420A-9AA4-EEC706E44F96}.Release|Any CPU.ActiveCfg = Release|Any CPU
		{5A2F36F0-82AA-420A-9AA4-EEC706E44F96}.Release|Any CPU.Build.0 = Release|Any CPU
		{FBC2C765-6675-4345-ADDF-83FB7C79B2E2}.Debug|Any CPU.ActiveCfg = Debug|Any CPU
		{FBC2C765-6675-4345-ADDF-83FB7C79B2E2}.Debug|Any CPU.Build.0 = Debug|Any CPU
		{FBC2C765-6675-4345-ADDF-83FB7C79B2E2}.Release|Any CPU.ActiveCfg = Release|Any CPU
		{FBC2C765-6675-4345-ADDF-83FB7C79B2E2}.Release|Any CPU.Build.0 = Release|Any CPU
		{AB254446-9711-4A9F-9EE8-F13300F37FFA}.Debug|Any CPU.ActiveCfg = Debug|Any CPU
		{AB254446-9711-4A9F-9EE8-F13300F37FFA}.Debug|Any CPU.Build.0 = Debug|Any CPU
		{AB254446-9711-4A9F-9EE8-F13300F37FFA}.Release|Any CPU.ActiveCfg = Release|Any CPU
		{AB254446-9711-4A9F-9EE8-F13300F37FFA}.Release|Any CPU.Build.0 = Release|Any CPU
		{7C217871-242F-41C0-9A71-E1335988207D}.Debug|Any CPU.ActiveCfg = Debug|Any CPU
		{7C217871-242F-41C0-9A71-E1335988207D}.Debug|Any CPU.Build.0 = Debug|Any CPU
		{7C217871-242F-41C0-9A71-E1335988207D}.Release|Any CPU.ActiveCfg = Release|Any CPU
		{7C217871-242F-41C0-9A71-E1335988207D}.Release|Any CPU.Build.0 = Release|Any CPU
		{5C9E1634-F5E7-4D9D-8D57-CE2E6D07B7D5}.Debug|Any CPU.ActiveCfg = Debug|Any CPU
		{5C9E1634-F5E7-4D9D-8D57-CE2E6D07B7D5}.Debug|Any CPU.Build.0 = Debug|Any CPU
		{5C9E1634-F5E7-4D9D-8D57-CE2E6D07B7D5}.Release|Any CPU.ActiveCfg = Release|Any CPU
		{5C9E1634-F5E7-4D9D-8D57-CE2E6D07B7D5}.Release|Any CPU.Build.0 = Release|Any CPU
	EndGlobalSection
	GlobalSection(SolutionProperties) = preSolution
		HideSolutionNode = FALSE
	EndGlobalSection
	GlobalSection(ExtensibilityGlobals) = postSolution
		SolutionGuid = {9C34B916-B7E9-49A1-9623-AED982A20321}
	EndGlobalSection
EndGlobal
